
Microsoft Visual Studio Solution File, Format Version 12.00
# Visual Studio 2012
Project("{D954291E-2A0B-460D-934E-DC6B0785DB48}") = "FormsMenuIcon", "FormsMenuIcon.shproj", "{FF9B9016-6CA6-449A-BF2C-F4A699C600EE}"
EndProject
Project("{FAE04EC0-301F-11D3-BF4B-00C04F79EFBC}") = "FormsMenuIcon.iOS", "iOS\FormsMenuIcon.iOS.csproj", "{94533A88-1220-426B-AAE7-90F5694AF120}"
EndProject
Project("{FAE04EC0-301F-11D3-BF4B-00C04F79EFBC}") = "FormsMenuIcon.Android", "Android\FormsMenuIcon.Android.csproj", "{E2F79607-7A47-4323-A735-25B7C873F9EC}"
EndProject
Global
	GlobalSection(SolutionConfigurationPlatforms) = preSolution
		Debug|iPhoneSimulator = Debug|iPhoneSimulator
		Release|iPhoneSimulator = Release|iPhoneSimulator
		Debug|iPhone = Debug|iPhone
		Release|iPhone = Release|iPhone
		Ad-Hoc|iPhone = Ad-Hoc|iPhone
		AppStore|iPhone = AppStore|iPhone
		Debug|Any CPU = Debug|Any CPU
		Release|Any CPU = Release|Any CPU
	EndGlobalSection
	GlobalSection(ProjectConfigurationPlatforms) = postSolution
		{94533A88-1220-426B-AAE7-90F5694AF120}.Ad-Hoc|iPhone.ActiveCfg = Ad-Hoc|iPhone
		{94533A88-1220-426B-AAE7-90F5694AF120}.Ad-Hoc|iPhone.Build.0 = Ad-Hoc|iPhone
		{94533A88-1220-426B-AAE7-90F5694AF120}.AppStore|iPhone.ActiveCfg = AppStore|iPhone
		{94533A88-1220-426B-AAE7-90F5694AF120}.AppStore|iPhone.Build.0 = AppStore|iPhone
		{94533A88-1220-426B-AAE7-90F5694AF120}.Debug|Any CPU.ActiveCfg = Debug|iPhoneSimulator
		{94533A88-1220-426B-AAE7-90F5694AF120}.Debug|Any CPU.Build.0 = Debug|iPhoneSimulator
		{94533A88-1220-426B-AAE7-90F5694AF120}.Debug|iPhone.ActiveCfg = Debug|iPhone
		{94533A88-1220-426B-AAE7-90F5694AF120}.Debug|iPhone.Build.0 = Debug|iPhone
		{94533A88-1220-426B-AAE7-90F5694AF120}.Debug|iPhoneSimulator.ActiveCfg = Debug|iPhoneSimulator
		{94533A88-1220-426B-AAE7-90F5694AF120}.Debug|iPhoneSimulator.Build.0 = Debug|iPhoneSimulator
		{94533A88-1220-426B-AAE7-90F5694AF120}.Release|Any CPU.ActiveCfg = Release|iPhoneSimulator
		{94533A88-1220-426B-AAE7-90F5694AF120}.Release|Any CPU.Build.0 = Release|iPhoneSimulator
		{94533A88-1220-426B-AAE7-90F5694AF120}.Release|iPhone.ActiveCfg = Release|iPhone
		{94533A88-1220-426B-AAE7-90F5694AF120}.Release|iPhone.Build.0 = Release|iPhone
		{94533A88-1220-426B-AAE7-90F5694AF120}.Release|iPhoneSimulator.ActiveCfg = Release|iPhoneSimulator
		{94533A88-1220-426B-AAE7-90F5694AF120}.Release|iPhoneSimulator.Build.0 = Release|iPhoneSimulator
		{E2F79607-7A47-4323-A735-25B7C873F9EC}.Ad-Hoc|iPhone.ActiveCfg = Release|Any CPU
		{E2F79607-7A47-4323-A735-25B7C873F9EC}.Ad-Hoc|iPhone.Build.0 = Release|Any CPU
		{E2F79607-7A47-4323-A735-25B7C873F9EC}.AppStore|iPhone.ActiveCfg = Release|Any CPU
		{E2F79607-7A47-4323-A735-25B7C873F9EC}.AppStore|iPhone.Build.0 = Release|Any CPU
		{E2F79607-7A47-4323-A735-25B7C873F9EC}.Debug|Any CPU.ActiveCfg = Debug|Any CPU
		{E2F79607-7A47-4323-A735-25B7C873F9EC}.Debug|Any CPU.Build.0 = Debug|Any CPU
		{E2F79607-7A47-4323-A735-25B7C873F9EC}.Debug|iPhone.ActiveCfg = Debug|Any CPU
		{E2F79607-7A47-4323-A735-25B7C873F9EC}.Debug|iPhone.Build.0 = Debug|Any CPU
		{E2F79607-7A47-4323-A735-25B7C873F9EC}.Debug|iPhoneSimulator.ActiveCfg = Debug|Any CPU
		{E2F79607-7A47-4323-A735-25B7C873F9EC}.Debug|iPhoneSimulator.Build.0 = Debug|Any CPU
		{E2F79607-7A47-4323-A735-25B7C873F9EC}.Release|Any CPU.ActiveCfg = Release|Any CPU
		{E2F79607-7A47-4323-A735-25B7C873F9EC}.Release|Any CPU.Build.0 = Release|Any CPU
		{E2F79607-7A47-4323-A735-25B7C873F9EC}.Release|iPhone.ActiveCfg = Release|Any CPU
		{E2F79607-7A47-4323-A735-25B7C873F9EC}.Release|iPhone.Build.0 = Release|Any CPU
		{E2F79607-7A47-4323-A735-25B7C873F9EC}.Release|iPhoneSimulator.ActiveCfg = Release|Any CPU
		{E2F79607-7A47-4323-A735-25B7C873F9EC}.Release|iPhoneSimulator.Build.0 = Release|Any CPU
	EndGlobalSection
	GlobalSection(MonoDevelopProperties) = preSolution
		StartupItem = iOS\FormsMenuIcon.iOS.csproj
		Policies = $0
		$0.DotNetNamingPolicy = $1
		$1.DirectoryNamespaceAssociation = None
		$1.ResourceNamePolicy = FileFormatDefault
		$0.TextStylePolicy = $2
		$2.FileWidth = 120
		$2.NoTabsAfterNonTabs = True
		$2.EolMarker = Unix
		$2.inheritsSet = VisualStudio
		$2.inheritsScope = text/plain
		$2.scope = text/plain
		$0.TextStylePolicy = $3
		$3.FileWidth = 120
		$3.NoTabsAfterNonTabs = True
		$3.EolMarker = Unix
		$3.inheritsSet = VisualStudio
		$3.inheritsScope = text/plain
		$3.scope = text/x-csharp
		$0.CSharpFormattingPolicy = $4
		$4.IndentSwitchBody = True
		$4.BeforeMethodDeclarationParentheses = False
		$4.BeforeMethodCallParentheses = False
		$4.BeforeConstructorDeclarationParentheses = False
		$4.BeforeIndexerDeclarationBracket = False
		$4.BeforeDelegateDeclarationParentheses = False
		$4.AfterDelegateDeclarationParameterComma = True
		$4.NewParentheses = False
		$4.SpacesBeforeBrackets = False
		$4.inheritsSet = Mono
		$4.inheritsScope = text/x-csharp
		$4.scope = text/x-csharp
	EndGlobalSection
EndGlobal
